
Microsoft Visual Studio Solution File, Format Version 12.00
# Visual Studio Version 17
VisualStudioVersion = 17.0.32014.148
MinimumVisualStudioVersion = 10.0.40219.1
Project("{9A19103F-16F7-4668-BE54-9A1E7A4F7556}") = "TaskManagementSystem_WebApi", "TaskManagementSystem_WebApi\TaskManagementSystem_WebApi.csproj", "{EF9705D3-28CD-425E-8BD8-D8DE0909AC07}"
EndProject
Project("{FAE04EC0-301F-11D3-BF4B-00C04F79EFBC}") = "Data_Access_Layer", "Data_Access_Layer\Data_Access_Layer.csproj", "{1C4A4574-598C-46B2-8062-2372B87A30A2}"
EndProject
Project("{FAE04EC0-301F-11D3-BF4B-00C04F79EFBC}") = "Business_Entity_Layer", "Business_Entity_Layer\Business_Entity_Layer.csproj", "{2E8AFB6D-1639-467B-99BB-007FF4DA8176}"
EndProject
Project("{FAE04EC0-301F-11D3-BF4B-00C04F79EFBC}") = "Business_Logic_Layer", "Business_Logic_Layer\Business_Logic_Layer.csproj", "{71A0065A-9912-4372-B149-0800C9C2E4BA}"
EndProject
Global
	GlobalSection(SolutionConfigurationPlatforms) = preSolution
		Debug|Any CPU = Debug|Any CPU
		Release|Any CPU = Release|Any CPU
	EndGlobalSection
	GlobalSection(ProjectConfigurationPlatforms) = postSolution
		{EF9705D3-28CD-425E-8BD8-D8DE0909AC07}.Debug|Any CPU.ActiveCfg = Debug|Any CPU
		{EF9705D3-28CD-425E-8BD8-D8DE0909AC07}.Debug|Any CPU.Build.0 = Debug|Any CPU
		{EF9705D3-28CD-425E-8BD8-D8DE0909AC07}.Release|Any CPU.ActiveCfg = Release|Any CPU
		{EF9705D3-28CD-425E-8BD8-D8DE0909AC07}.Release|Any CPU.Build.0 = Release|Any CPU
		{1C4A4574-598C-46B2-8062-2372B87A30A2}.Debug|Any CPU.ActiveCfg = Debug|Any CPU
		{1C4A4574-598C-46B2-8062-2372B87A30A2}.Debug|Any CPU.Build.0 = Debug|Any CPU
		{1C4A4574-598C-46B2-8062-2372B87A30A2}.Release|Any CPU.ActiveCfg = Release|Any CPU
		{1C4A4574-598C-46B2-8062-2372B87A30A2}.Release|Any CPU.Build.0 = Release|Any CPU
		{2E8AFB6D-1639-467B-99BB-007FF4DA8176}.Debug|Any CPU.ActiveCfg = Debug|Any CPU
		{2E8AFB6D-1639-467B-99BB-007FF4DA8176}.Debug|Any CPU.Build.0 = Debug|Any CPU
		{2E8AFB6D-1639-467B-99BB-007FF4DA8176}.Release|Any CPU.ActiveCfg = Release|Any CPU
		{2E8AFB6D-1639-467B-99BB-007FF4DA8176}.Release|Any CPU.Build.0 = Release|Any CPU
		{71A0065A-9912-4372-B149-0800C9C2E4BA}.Debug|Any CPU.ActiveCfg = Debug|Any CPU
		{71A0065A-9912-4372-B149-0800C9C2E4BA}.Debug|Any CPU.Build.0 = Debug|Any CPU
		{71A0065A-9912-4372-B149-0800C9C2E4BA}.Release|Any CPU.ActiveCfg = Release|Any CPU
		{71A0065A-9912-4372-B149-0800C9C2E4BA}.Release|Any CPU.Build.0 = Release|Any CPU
	EndGlobalSection
	GlobalSection(SolutionProperties) = preSolution
		HideSolutionNode = FALSE
	EndGlobalSection
	GlobalSection(ExtensibilityGlobals) = postSolution
		SolutionGuid = {6ADB9141-DB88-4B07-B9C7-A7D25CA0F955}
	EndGlobalSection
EndGlobal
